
Microsoft Visual Studio Solution File, Format Version 12.00
# Visual Studio Version 17
VisualStudioVersion = 17.8.34525.116
MinimumVisualStudioVersion = 10.0.40219.1
Project("{FAE04EC0-301F-11D3-BF4B-00C04F79EFBC}") = "AppShopping", "AppShopping\AppShopping.csproj", "{04795715-D099-42B1-A8C9-2C3BAF134C51}"
EndProject
Global
	GlobalSection(SolutionConfigurationPlatforms) = preSolution
		Debug|Any CPU = Debug|Any CPU
		Release|Any CPU = Release|Any CPU
	EndGlobalSection
	GlobalSection(ProjectConfigurationPlatforms) = postSolution
		{04795715-D099-42B1-A8C9-2C3BAF134C51}.Debug|Any CPU.ActiveCfg = Debug|Any CPU
		{04795715-D099-42B1-A8C9-2C3BAF134C51}.Debug|Any CPU.Build.0 = Debug|Any CPU
		{04795715-D099-42B1-A8C9-2C3BAF134C51}.Release|Any CPU.ActiveCfg = Release|Any CPU
		{04795715-D099-42B1-A8C9-2C3BAF134C51}.Release|Any CPU.Build.0 = Release|Any CPU
	EndGlobalSection
	GlobalSection(SolutionProperties) = preSolution
		HideSolutionNode = FALSE
	EndGlobalSection
	GlobalSection(ExtensibilityGlobals) = postSolution
		SolutionGuid = {4CE05366-E1DC-47D0-B2CB-E7F60F6DFE2F}
	EndGlobalSection
EndGlobal
